
Microsoft Visual Studio Solution File, Format Version 12.00
# Visual Studio Version 17
VisualStudioVersion = 17.8.34330.188
MinimumVisualStudioVersion = 10.0.40219.1
Project("{2150E333-8FDC-42A3-9474-1A3956D46DE8}") = "src", "src", "{3A3A6A93-62E2-43F8-997A-DBB8532C217B}"
EndProject
Project("{FAE04EC0-301F-11D3-BF4B-00C04F79EFBC}") = "Hospital.Api", "src\Hospital.Api\Hospital.Api.csproj", "{0DF6ACD8-E9DD-4B3B-BBF9-EE1EE5625A75}"
EndProject
Global
	GlobalSection(SolutionConfigurationPlatforms) = preSolution
		Debug|Any CPU = Debug|Any CPU
		Release|Any CPU = Release|Any CPU
	EndGlobalSection
	GlobalSection(ProjectConfigurationPlatforms) = postSolution
		{0DF6ACD8-E9DD-4B3B-BBF9-EE1EE5625A75}.Debug|Any CPU.ActiveCfg = Debug|Any CPU
		{0DF6ACD8-E9DD-4B3B-BBF9-EE1EE5625A75}.Debug|Any CPU.Build.0 = Debug|Any CPU
		{0DF6ACD8-E9DD-4B3B-BBF9-EE1EE5625A75}.Release|Any CPU.ActiveCfg = Release|Any CPU
		{0DF6ACD8-E9DD-4B3B-BBF9-EE1EE5625A75}.Release|Any CPU.Build.0 = Release|Any CPU
	EndGlobalSection
	GlobalSection(SolutionProperties) = preSolution
		HideSolutionNode = FALSE
	EndGlobalSection
	GlobalSection(NestedProjects) = preSolution
		{0DF6ACD8-E9DD-4B3B-BBF9-EE1EE5625A75} = {3A3A6A93-62E2-43F8-997A-DBB8532C217B}
	EndGlobalSection
	GlobalSection(ExtensibilityGlobals) = postSolution
		SolutionGuid = {D698B71A-9D31-4A16-97A2-1B0673969219}
	EndGlobalSection
EndGlobal
